<?xml version="1.0" encoding="utf-8"?>
<Project ToolsVersion="4.0" xmlns="http://schemas.microsoft.com/developer/msbuild/2003">
  <ItemGroup>
    <ClCompile Include="src\ofApp.cpp">
      <Filter>src</Filter>
    </ClCompile>
    <ClCompile Include="src\main.cpp">
      <Filter>src</Filter>
    </ClCompile>
  </ItemGroup>
  <ItemGroup>
    <Filter Include="src">
      <UniqueIdentifier>{d8376475-7454-4a24-b08a-aac121d3ad6f}</UniqueIdentifier>
    </Filter>
  </ItemGroup>
  <ItemGroup>
    <ClInclude Include="src\ofApp.h">
      <Filter>src</Filter>
    </ClInclude>
    <ClInclude Include="src\Engine.h">
      <Filter>src</Filter>
    </ClInclude>
    <ClInclude Include="src\GraphicsPC.h">
      <Filter>src</Filter>
    </ClInclude>
    <ClInclude Include="src\Graphics.h">
      <Filter>src</Filter>
    </ClInclude>
    <ClInclude Include="src\mathHelpers.h">
      <Filter>src</Filter>
    </ClInclude>
    <ClInclude Include="src\Vec3.h">
      <Filter>src</Filter>
    </ClInclude>
    <ClInclude Include="src\Color.h">
      <Filter>src</Filter>
    </ClInclude>
    <ClInclude Include="src\Pipeline.h">
      <Filter>src</Filter>
    </ClInclude>
    <ClInclude Include="src\Mat.h">
      <Filter>src</Filter>
    </ClInclude>
    <ClInclude Include="src\Vec4.h">
      <Filter>src</Filter>
    </ClInclude>
    <ClInclude Include="src\Cube.h">
      <Filter>src</Filter>
    </ClInclude>
    <ClInclude Include="src\Geometry.h">
      <Filter>src</Filter>
    </ClInclude>
    <ClInclude Include="src\ScreenTransform.h">
      <Filter>src</Filter>
    </ClInclude>
    <ClInclude Include="src\Sphere.h">
      <Filter>src</Filter>
    </ClInclude>
  </ItemGroup>
  <ItemGroup>
    <ResourceCompile Include="icon.rc" />
  </ItemGroup>
</Project>